
Microsoft Visual Studio Solution File, Format Version 12.00
# Visual Studio Version 16
VisualStudioVersion = 16.6.30114.105
MinimumVisualStudioVersion = 10.0.40219.1
Project("{FAE04EC0-301F-11D3-BF4B-00C04F79EFBC}") = "PersonUT", "PersonUT\PersonUT.csproj", "{3F23F4E9-9F08-45AA-A37F-19B1F529B308}"
EndProject
Project("{FAE04EC0-301F-11D3-BF4B-00C04F79EFBC}") = "PersonTest", "PersonTest\PersonTest.csproj", "{CF6FB3CF-A513-4AB2-97A2-E7D608E42813}"
EndProject
Global
	GlobalSection(SolutionConfigurationPlatforms) = preSolution
		Debug|Any CPU = Debug|Any CPU
		Debug|x64 = Debug|x64
		Debug|x86 = Debug|x86
		Release|Any CPU = Release|Any CPU
		Release|x64 = Release|x64
		Release|x86 = Release|x86
	EndGlobalSection
	GlobalSection(SolutionProperties) = preSolution
		HideSolutionNode = FALSE
	EndGlobalSection
	GlobalSection(ProjectConfigurationPlatforms) = postSolution
		{3F23F4E9-9F08-45AA-A37F-19B1F529B308}.Debug|Any CPU.ActiveCfg = Debug|Any CPU
		{3F23F4E9-9F08-45AA-A37F-19B1F529B308}.Debug|Any CPU.Build.0 = Debug|Any CPU
		{3F23F4E9-9F08-45AA-A37F-19B1F529B308}.Debug|x64.ActiveCfg = Debug|Any CPU
		{3F23F4E9-9F08-45AA-A37F-19B1F529B308}.Debug|x64.Build.0 = Debug|Any CPU
		{3F23F4E9-9F08-45AA-A37F-19B1F529B308}.Debug|x86.ActiveCfg = Debug|Any CPU
		{3F23F4E9-9F08-45AA-A37F-19B1F529B308}.Debug|x86.Build.0 = Debug|Any CPU
		{3F23F4E9-9F08-45AA-A37F-19B1F529B308}.Release|Any CPU.ActiveCfg = Release|Any CPU
		{3F23F4E9-9F08-45AA-A37F-19B1F529B308}.Release|Any CPU.Build.0 = Release|Any CPU
		{3F23F4E9-9F08-45AA-A37F-19B1F529B308}.Release|x64.ActiveCfg = Release|Any CPU
		{3F23F4E9-9F08-45AA-A37F-19B1F529B308}.Release|x64.Build.0 = Release|Any CPU
		{3F23F4E9-9F08-45AA-A37F-19B1F529B308}.Release|x86.ActiveCfg = Release|Any CPU
		{3F23F4E9-9F08-45AA-A37F-19B1F529B308}.Release|x86.Build.0 = Release|Any CPU
		{CF6FB3CF-A513-4AB2-97A2-E7D608E42813}.Debug|Any CPU.ActiveCfg = Debug|Any CPU
		{CF6FB3CF-A513-4AB2-97A2-E7D608E42813}.Debug|Any CPU.Build.0 = Debug|Any CPU
		{CF6FB3CF-A513-4AB2-97A2-E7D608E42813}.Debug|x64.ActiveCfg = Debug|Any CPU
		{CF6FB3CF-A513-4AB2-97A2-E7D608E42813}.Debug|x64.Build.0 = Debug|Any CPU
		{CF6FB3CF-A513-4AB2-97A2-E7D608E42813}.Debug|x86.ActiveCfg = Debug|Any CPU
		{CF6FB3CF-A513-4AB2-97A2-E7D608E42813}.Debug|x86.Build.0 = Debug|Any CPU
		{CF6FB3CF-A513-4AB2-97A2-E7D608E42813}.Release|Any CPU.ActiveCfg = Release|Any CPU
		{CF6FB3CF-A513-4AB2-97A2-E7D608E42813}.Release|Any CPU.Build.0 = Release|Any CPU
		{CF6FB3CF-A513-4AB2-97A2-E7D608E42813}.Release|x64.ActiveCfg = Release|Any CPU
		{CF6FB3CF-A513-4AB2-97A2-E7D608E42813}.Release|x64.Build.0 = Release|Any CPU
		{CF6FB3CF-A513-4AB2-97A2-E7D608E42813}.Release|x86.ActiveCfg = Release|Any CPU
		{CF6FB3CF-A513-4AB2-97A2-E7D608E42813}.Release|x86.Build.0 = Release|Any CPU
	EndGlobalSection
EndGlobal
